{
  "name": "vmbro",
  "version": "0.1.0",
  "lockfileVersion": 3,
  "requires": true,
  "packages": {
    "": {
      "name": "vmbro",
      "version": "0.1.0",
      "dependencies": {
        "@leaningtech/cheerpx": "1.3.7"
      }
    },
    "node_modules/@leaningtech/cheerpx": {
      "version": "1.3.7",
      "resolved": "https://registry.npmjs.org/@leaningtech/cheerpx/-/cheerpx-1.3.7.tgz",
      "integrity": "sha512-9UlCLtNuP1fDjGj0nz6FggY9dkadNs2K4ZBKFr0OCeaUyq4hMFRwVJ0i8+hRk1cpg7Pqjl9QIaJ0/bXBJVwnWw==",
      "license": "SEE LICENSE IN LICENSE.txt"
    }
  }
}
